// !$*UTF8*$!
{
	archiveVersion = 1;
	classes = {
	};
	objectVersion = 56;
	objects = {

/* Begin PBXBuildFile section */
		1482A74C2930E2CD00ED283D /* AppDelegate.swift in Sources */ = {isa = PBXBuildFile; fileRef = 1482A74B2930E2CD00ED283D /* AppDelegate.swift */; };
		1482A74E2930E2CD00ED283D /* SceneDelegate.swift in Sources */ = {isa = PBXBuildFile; fileRef = 1482A74D2930E2CD00ED283D /* SceneDelegate.swift */; };
		1482A7502930E2CD00ED283D /* ViewController.swift in Sources */ = {isa = PBXBuildFile; fileRef = 1482A74F2930E2CD00ED283D /* ViewController.swift */; };
		1482A7562930E2CD00ED283D /* Cashome.xcdatamodeld in Sources */ = {isa = PBXBuildFile; fileRef = 1482A7542930E2CD00ED283D /* Cashome.xcdatamodeld */; };
		1482A7582930E2CE00ED283D /* Assets.xcassets in Resources */ = {isa = PBXBuildFile; fileRef = 1482A7572930E2CE00ED283D /* Assets.xcassets */; };
		1482A75B2930E2CE00ED283D /* LaunchScreen.storyboard in Resources */ = {isa = PBXBuildFile; fileRef = 1482A7592930E2CE00ED283D /* LaunchScreen.storyboard */; };
		1482A7662930E2CE00ED283D /* CashomeTests.swift in Sources */ = {isa = PBXBuildFile; fileRef = 1482A7652930E2CE00ED283D /* CashomeTests.swift */; };
		1482A7702930E2CE00ED283D /* CashomeUITests.swift in Sources */ = {isa = PBXBuildFile; fileRef = 1482A76F2930E2CE00ED283D /* CashomeUITests.swift */; };
		1482A7722930E2CE00ED283D /* CashomeUITestsLaunchTests.swift in Sources */ = {isa = PBXBuildFile; fileRef = 1482A7712930E2CE00ED283D /* CashomeUITestsLaunchTests.swift */; };
		14ECB4EE29364B4800034B56 /* HomeScreen.swift in Sources */ = {isa = PBXBuildFile; fileRef = 14ECB4ED29364B4800034B56 /* HomeScreen.swift */; };
		14ECB4F029364BAC00034B56 /* GradientColor.swift in Sources */ = {isa = PBXBuildFile; fileRef = 14ECB4EF29364BAC00034B56 /* GradientColor.swift */; };
		FFDBD42C2936541000ABD308 /* PaymentStatusView.swift in Sources */ = {isa = PBXBuildFile; fileRef = FFDBD42B2936541000ABD308 /* PaymentStatusView.swift */; };
/* End PBXBuildFile section */

/* Begin PBXContainerItemProxy section */
		1482A7622930E2CE00ED283D /* PBXContainerItemProxy */ = {
			isa = PBXContainerItemProxy;
			containerPortal = 1482A7402930E2CD00ED283D /* Project object */;
			proxyType = 1;
			remoteGlobalIDString = 1482A7472930E2CD00ED283D;
			remoteInfo = Cashome;
		};
		1482A76C2930E2CE00ED283D /* PBXContainerItemProxy */ = {
			isa = PBXContainerItemProxy;
			containerPortal = 1482A7402930E2CD00ED283D /* Project object */;
			proxyType = 1;
			remoteGlobalIDString = 1482A7472930E2CD00ED283D;
			remoteInfo = Cashome;
		};
/* End PBXContainerItemProxy section */

/* Begin PBXFileReference section */
		1482A7482930E2CD00ED283D /* Cashome.app */ = {isa = PBXFileReference; explicitFileType = wrapper.application; includeInIndex = 0; path = Cashome.app; sourceTree = BUILT_PRODUCTS_DIR; };
		1482A74B2930E2CD00ED283D /* AppDelegate.swift */ = {isa = PBXFileReference; lastKnownFileType = sourcecode.swift; path = AppDelegate.swift; sourceTree = "<group>"; };
		1482A74D2930E2CD00ED283D /* SceneDelegate.swift */ = {isa = PBXFileReference; lastKnownFileType = sourcecode.swift; path = SceneDelegate.swift; sourceTree = "<group>"; };
		1482A74F2930E2CD00ED283D /* ViewController.swift */ = {isa = PBXFileReference; lastKnownFileType = sourcecode.swift; path = ViewController.swift; sourceTree = "<group>"; };
		1482A7552930E2CD00ED283D /* Cashome.xcdatamodel */ = {isa = PBXFileReference; lastKnownFileType = wrapper.xcdatamodel; path = Cashome.xcdatamodel; sourceTree = "<group>"; };
		1482A7572930E2CE00ED283D /* Assets.xcassets */ = {isa = PBXFileReference; lastKnownFileType = folder.assetcatalog; path = Assets.xcassets; sourceTree = "<group>"; };
		1482A75A2930E2CE00ED283D /* Base */ = {isa = PBXFileReference; lastKnownFileType = file.storyboard; name = Base; path = Base.lproj/LaunchScreen.storyboard; sourceTree = "<group>"; };
		1482A75C2930E2CE00ED283D /* Info.plist */ = {isa = PBXFileReference; lastKnownFileType = text.plist.xml; path = Info.plist; sourceTree = "<group>"; };
		1482A7612930E2CE00ED283D /* CashomeTests.xctest */ = {isa = PBXFileReference; explicitFileType = wrapper.cfbundle; includeInIndex = 0; path = CashomeTests.xctest; sourceTree = BUILT_PRODUCTS_DIR; };
		1482A7652930E2CE00ED283D /* CashomeTests.swift */ = {isa = PBXFileReference; lastKnownFileType = sourcecode.swift; path = CashomeTests.swift; sourceTree = "<group>"; };
		1482A76B2930E2CE00ED283D /* CashomeUITests.xctest */ = {isa = PBXFileReference; explicitFileType = wrapper.cfbundle; includeInIndex = 0; path = CashomeUITests.xctest; sourceTree = BUILT_PRODUCTS_DIR; };
		1482A76F2930E2CE00ED283D /* CashomeUITests.swift */ = {isa = PBXFileReference; lastKnownFileType = sourcecode.swift; path = CashomeUITests.swift; sourceTree = "<group>"; };
		1482A7712930E2CE00ED283D /* CashomeUITestsLaunchTests.swift */ = {isa = PBXFileReference; lastKnownFileType = sourcecode.swift; path = CashomeUITestsLaunchTests.swift; sourceTree = "<group>"; };
		14ECB4ED29364B4800034B56 /* HomeScreen.swift */ = {isa = PBXFileReference; lastKnownFileType = sourcecode.swift; name = HomeScreen.swift; path = Cashome/Views/HomeScreen.swift; sourceTree = SOURCE_ROOT; };
		14ECB4EF29364BAC00034B56 /* GradientColor.swift */ = {isa = PBXFileReference; lastKnownFileType = sourcecode.swift; name = GradientColor.swift; path = Cashome/Views/GradientColor.swift; sourceTree = SOURCE_ROOT; };
		FFDBD42B2936541000ABD308 /* PaymentStatusView.swift */ = {isa = PBXFileReference; lastKnownFileType = sourcecode.swift; path = PaymentStatusView.swift; sourceTree = "<group>"; };
/* End PBXFileReference section */

/* Begin PBXFrameworksBuildPhase section */
		1482A7452930E2CD00ED283D /* Frameworks */ = {
			isa = PBXFrameworksBuildPhase;
			buildActionMask = 2147483647;
			files = (
			);
			runOnlyForDeploymentPostprocessing = 0;
		};
		1482A75E2930E2CE00ED283D /* Frameworks */ = {
			isa = PBXFrameworksBuildPhase;
			buildActionMask = 2147483647;
			files = (
			);
			runOnlyForDeploymentPostprocessing = 0;
		};
		1482A7682930E2CE00ED283D /* Frameworks */ = {
			isa = PBXFrameworksBuildPhase;
			buildActionMask = 2147483647;
			files = (
			);
			runOnlyForDeploymentPostprocessing = 0;
		};
/* End PBXFrameworksBuildPhase section */

/* Begin PBXGroup section */
		1482A73F2930E2CD00ED283D = {
			isa = PBXGroup;
			children = (
				1482A74A2930E2CD00ED283D /* Cashome */,
				1482A7642930E2CE00ED283D /* CashomeTests */,
				1482A76E2930E2CE00ED283D /* CashomeUITests */,
				1482A7492930E2CD00ED283D /* Products */,
				14ECB4EC29364A1800034B56 /* Recovered References */,
			);
			sourceTree = "<group>";
		};
		1482A7492930E2CD00ED283D /* Products */ = {
			isa = PBXGroup;
			children = (
				1482A7482930E2CD00ED283D /* Cashome.app */,
				1482A7612930E2CE00ED283D /* CashomeTests.xctest */,
				1482A76B2930E2CE00ED283D /* CashomeUITests.xctest */,
			);
			name = Products;
			sourceTree = "<group>";
		};
		1482A74A2930E2CD00ED283D /* Cashome */ = {
			isa = PBXGroup;
			children = (
				FFDBD42829362D0B00ABD308 /* Resource */,
				FFDBD42129362C7800ABD308 /* Source */,
				FFDBD42029362C5400ABD308 /* Application */,
				1482A7592930E2CE00ED283D /* LaunchScreen.storyboard */,
				1482A75C2930E2CE00ED283D /* Info.plist */,
			);
			path = Cashome;
			sourceTree = "<group>";
		};
		1482A7642930E2CE00ED283D /* CashomeTests */ = {
			isa = PBXGroup;
			children = (
				1482A7652930E2CE00ED283D /* CashomeTests.swift */,
			);
			path = CashomeTests;
			sourceTree = "<group>";
		};
		1482A76E2930E2CE00ED283D /* CashomeUITests */ = {
			isa = PBXGroup;
			children = (
				1482A76F2930E2CE00ED283D /* CashomeUITests.swift */,
				1482A7712930E2CE00ED283D /* CashomeUITestsLaunchTests.swift */,
			);
			path = CashomeUITests;
			sourceTree = "<group>";
		};
		14ECB4EC29364A1800034B56 /* Recovered References */ = {
			isa = PBXGroup;
			children = (
			);
			name = "Recovered References";
			sourceTree = "<group>";
		};
		FFDBD42029362C5400ABD308 /* Application */ = {
			isa = PBXGroup;
			children = (
				1482A74B2930E2CD00ED283D /* AppDelegate.swift */,
				1482A74D2930E2CD00ED283D /* SceneDelegate.swift */,
			);
			path = Application;
			sourceTree = "<group>";
		};
		FFDBD42129362C7800ABD308 /* Source */ = {
			isa = PBXGroup;
			children = (
				FFDBD42929362DDF00ABD308 /* Extensions */,
				FFDBD42329362C8E00ABD308 /* Models */,
				FFDBD42729362CC900ABD308 /* Views */,
				FFDBD42629362CC100ABD308 /* ViewModels */,
				FFDBD42529362CB200ABD308 /* Service */,
				FFDBD42429362C9A00ABD308 /* Protocols */,
				FFDBD42229362C8400ABD308 /* Controllers */,
			);
			path = Source;
			sourceTree = "<group>";
		};
		FFDBD42229362C8400ABD308 /* Controllers */ = {
			isa = PBXGroup;
			children = (
				1482A74F2930E2CD00ED283D /* ViewController.swift */,
			);
			path = Controllers;
			sourceTree = "<group>";
		};
		FFDBD42329362C8E00ABD308 /* Models */ = {
			isa = PBXGroup;
			children = (
			);
			path = Models;
			sourceTree = "<group>";
		};
		FFDBD42429362C9A00ABD308 /* Protocols */ = {
			isa = PBXGroup;
			children = (
			);
			path = Protocols;
			sourceTree = "<group>";
		};
		FFDBD42529362CB200ABD308 /* Service */ = {
			isa = PBXGroup;
			children = (
			);
			path = Service;
			sourceTree = "<group>";
		};
		FFDBD42629362CC100ABD308 /* ViewModels */ = {
			isa = PBXGroup;
			children = (
			);
			path = ViewModels;
			sourceTree = "<group>";
		};
		FFDBD42729362CC900ABD308 /* Views */ = {
			isa = PBXGroup;
			children = (
				14ECB4ED29364B4800034B56 /* HomeScreen.swift */,
				FFDBD42B2936541000ABD308 /* PaymentStatusView.swift */,
			);
			path = Views;
			sourceTree = "<group>";
		};
		FFDBD42829362D0B00ABD308 /* Resource */ = {
			isa = PBXGroup;
			children = (
				1482A7542930E2CD00ED283D /* Cashome.xcdatamodeld */,
				1482A7572930E2CE00ED283D /* Assets.xcassets */,
			);
			path = Resource;
			sourceTree = "<group>";
		};
		FFDBD42929362DDF00ABD308 /* Extensions */ = {
			isa = PBXGroup;
			children = (
				14ECB4EF29364BAC00034B56 /* GradientColor.swift */,
			);
			path = Extensions;
			sourceTree = "<group>";
		};
/* End PBXGroup section */

/* Begin PBXNativeTarget section */
		1482A7472930E2CD00ED283D /* Cashome */ = {
			isa = PBXNativeTarget;
			buildConfigurationList = 1482A7752930E2CE00ED283D /* Build configuration list for PBXNativeTarget "Cashome" */;
			buildPhases = (
				1482A7442930E2CD00ED283D /* Sources */,
				1482A7452930E2CD00ED283D /* Frameworks */,
				1482A7462930E2CD00ED283D /* Resources */,
				1482A77F2930F0B300ED283D /* ShellScript */,
			);
			buildRules = (
			);
			dependencies = (
			);
			name = Cashome;
			productName = Cashome;
			productReference = 1482A7482930E2CD00ED283D /* Cashome.app */;
			productType = "com.apple.product-type.application";
		};
		1482A7602930E2CE00ED283D /* CashomeTests */ = {
			isa = PBXNativeTarget;
			buildConfigurationList = 1482A7782930E2CE00ED283D /* Build configuration list for PBXNativeTarget "CashomeTests" */;
			buildPhases = (
				1482A75D2930E2CE00ED283D /* Sources */,
				1482A75E2930E2CE00ED283D /* Frameworks */,
				1482A75F2930E2CE00ED283D /* Resources */,
			);
			buildRules = (
			);
			dependencies = (
				1482A7632930E2CE00ED283D /* PBXTargetDependency */,
			);
			name = CashomeTests;
			productName = CashomeTests;
			productReference = 1482A7612930E2CE00ED283D /* CashomeTests.xctest */;
			productType = "com.apple.product-type.bundle.unit-test";
		};
		1482A76A2930E2CE00ED283D /* CashomeUITests */ = {
			isa = PBXNativeTarget;
			buildConfigurationList = 1482A77B2930E2CE00ED283D /* Build configuration list for PBXNativeTarget "CashomeUITests" */;
			buildPhases = (
				1482A7672930E2CE00ED283D /* Sources */,
				1482A7682930E2CE00ED283D /* Frameworks */,
				1482A7692930E2CE00ED283D /* Resources */,
			);
			buildRules = (
			);
			dependencies = (
				1482A76D2930E2CE00ED283D /* PBXTargetDependency */,
			);
			name = CashomeUITests;
			productName = CashomeUITests;
			productReference = 1482A76B2930E2CE00ED283D /* CashomeUITests.xctest */;
			productType = "com.apple.product-type.bundle.ui-testing";
		};
/* End PBXNativeTarget section */

/* Begin PBXProject section */
		1482A7402930E2CD00ED283D /* Project object */ = {
			isa = PBXProject;
			attributes = {
				BuildIndependentTargetsInParallel = 1;
				LastSwiftUpdateCheck = 1410;
				LastUpgradeCheck = 1410;
				TargetAttributes = {
					1482A7472930E2CD00ED283D = {
						CreatedOnToolsVersion = 14.1;
					};
					1482A7602930E2CE00ED283D = {
						CreatedOnToolsVersion = 14.1;
						TestTargetID = 1482A7472930E2CD00ED283D;
					};
					1482A76A2930E2CE00ED283D = {
						CreatedOnToolsVersion = 14.1;
						TestTargetID = 1482A7472930E2CD00ED283D;
					};
				};
			};
			buildConfigurationList = 1482A7432930E2CD00ED283D /* Build configuration list for PBXProject "Cashome" */;
			compatibilityVersion = "Xcode 14.0";
			developmentRegion = en;
			hasScannedForEncodings = 0;
			knownRegions = (
				en,
				Base,
			);
			mainGroup = 1482A73F2930E2CD00ED283D;
			productRefGroup = 1482A7492930E2CD00ED283D /* Products */;
			projectDirPath = "";
			projectRoot = "";
			targets = (
				1482A7472930E2CD00ED283D /* Cashome */,
				1482A7602930E2CE00ED283D /* CashomeTests */,
				1482A76A2930E2CE00ED283D /* CashomeUITests */,
			);
		};
/* End PBXProject section */

/* Begin PBXResourcesBuildPhase section */
		1482A7462930E2CD00ED283D /* Resources */ = {
			isa = PBXResourcesBuildPhase;
			buildActionMask = 2147483647;
			files = (
				1482A75B2930E2CE00ED283D /* LaunchScreen.storyboard in Resources */,
				1482A7582930E2CE00ED283D /* Assets.xcassets in Resources */,
			);
			runOnlyForDeploymentPostprocessing = 0;
		};
		1482A75F2930E2CE00ED283D /* Resources */ = {
			isa = PBXResourcesBuildPhase;
			buildActionMask = 2147483647;
			files = (
			);
			runOnlyForDeploymentPostprocessing = 0;
		};
		1482A7692930E2CE00ED283D /* Resources */ = {
			isa = PBXResourcesBuildPhase;
			buildActionMask = 2147483647;
			files = (
			);
			runOnlyForDeploymentPostprocessing = 0;
		};
/* End PBXResourcesBuildPhase section */

/* Begin PBXShellScriptBuildPhase section */
		1482A77F2930F0B300ED283D /* ShellScript */ = {
			isa = PBXShellScriptBuildPhase;
			buildActionMask = 2147483647;
			files = (
			);
			inputFileListPaths = (
			);
			inputPaths = (
			);
			outputFileListPaths = (
			);
			outputPaths = (
			);
			runOnlyForDeploymentPostprocessing = 0;
			shellPath = /bin/sh;
			shellScript = "export PATH=\"$PATH:/opt/homebrew/bin\"\nif which swiftlint >/dev/null; then\nswiftlint\nelse\necho \"warning: Swiftlint not installed, download from https://github.com/realm/SwiftLint\"\nfi\n";
		};
/* End PBXShellScriptBuildPhase section */

/* Begin PBXSourcesBuildPhase section */
		1482A7442930E2CD00ED283D /* Sources */ = {
			isa = PBXSourcesBuildPhase;
			buildActionMask = 2147483647;
			files = (
				1482A7562930E2CD00ED283D /* Cashome.xcdatamodeld in Sources */,
				1482A7502930E2CD00ED283D /* ViewController.swift in Sources */,
				14ECB4EE29364B4800034B56 /* HomeScreen.swift in Sources */,
				FFDBD42C2936541000ABD308 /* PaymentStatusView.swift in Sources */,
				14ECB4F029364BAC00034B56 /* GradientColor.swift in Sources */,
				1482A74C2930E2CD00ED283D /* AppDelegate.swift in Sources */,
				1482A74E2930E2CD00ED283D /* SceneDelegate.swift in Sources */,
			);
			runOnlyForDeploymentPostprocessing = 0;
		};
		1482A75D2930E2CE00ED283D /* Sources */ = {
			isa = PBXSourcesBuildPhase;
			buildActionMask = 2147483647;
			files = (
				1482A7662930E2CE00ED283D /* CashomeTests.swift in Sources */,
			);
			runOnlyForDeploymentPostprocessing = 0;
		};
		1482A7672930E2CE00ED283D /* Sources */ = {
			isa = PBXSourcesBuildPhase;
			buildActionMask = 2147483647;
			files = (
				1482A7702930E2CE00ED283D /* CashomeUITests.swift in Sources */,
				1482A7722930E2CE00ED283D /* CashomeUITestsLaunchTests.swift in Sources */,
			);
			runOnlyForDeploymentPostprocessing = 0;
		};
/* End PBXSourcesBuildPhase section */

/* Begin PBXTargetDependency section */
		1482A7632930E2CE00ED283D /* PBXTargetDependency */ = {
			isa = PBXTargetDependency;
			target = 1482A7472930E2CD00ED283D /* Cashome */;
			targetProxy = 1482A7622930E2CE00ED283D /* PBXContainerItemProxy */;
		};
		1482A76D2930E2CE00ED283D /* PBXTargetDependency */ = {
			isa = PBXTargetDependency;
			target = 1482A7472930E2CD00ED283D /* Cashome */;
			targetProxy = 1482A76C2930E2CE00ED283D /* PBXContainerItemProxy */;
		};
/* End PBXTargetDependency section */

/* Begin PBXVariantGroup section */
		1482A7592930E2CE00ED283D /* LaunchScreen.storyboard */ = {
			isa = PBXVariantGroup;
			children = (
				1482A75A2930E2CE00ED283D /* Base */,
			);
			name = LaunchScreen.storyboard;
			sourceTree = "<group>";
		};
/* End PBXVariantGroup section */

/* Begin XCBuildConfiguration section */
		1482A7732930E2CE00ED283D /* Debug */ = {
			isa = XCBuildConfiguration;
			buildSettings = {
				ALWAYS_SEARCH_USER_PATHS = NO;
				CLANG_ANALYZER_NONNULL = YES;
				CLANG_ANALYZER_NUMBER_OBJECT_CONVERSION = YES_AGGRESSIVE;
				CLANG_CXX_LANGUAGE_STANDARD = "gnu++20";
				CLANG_ENABLE_MODULES = YES;
				CLANG_ENABLE_OBJC_ARC = YES;
				CLANG_ENABLE_OBJC_WEAK = YES;
				CLANG_WARN_BLOCK_CAPTURE_AUTORELEASING = YES;
				CLANG_WARN_BOOL_CONVERSION = YES;
				CLANG_WARN_COMMA = YES;
				CLANG_WARN_CONSTANT_CONVERSION = YES;
				CLANG_WARN_DEPRECATED_OBJC_IMPLEMENTATIONS = YES;
				CLANG_WARN_DIRECT_OBJC_ISA_USAGE = YES_ERROR;
				CLANG_WARN_DOCUMENTATION_COMMENTS = YES;
				CLANG_WARN_EMPTY_BODY = YES;
				CLANG_WARN_ENUM_CONVERSION = YES;
				CLANG_WARN_INFINITE_RECURSION = YES;
				CLANG_WARN_INT_CONVERSION = YES;
				CLANG_WARN_NON_LITERAL_NULL_CONVERSION = YES;
				CLANG_WARN_OBJC_IMPLICIT_RETAIN_SELF = YES;
				CLANG_WARN_OBJC_LITERAL_CONVERSION = YES;
				CLANG_WARN_OBJC_ROOT_CLASS = YES_ERROR;
				CLANG_WARN_QUOTED_INCLUDE_IN_FRAMEWORK_HEADER = YES;
				CLANG_WARN_RANGE_LOOP_ANALYSIS = YES;
				CLANG_WARN_STRICT_PROTOTYPES = YES;
				CLANG_WARN_SUSPICIOUS_MOVE = YES;
				CLANG_WARN_UNGUARDED_AVAILABILITY = YES_AGGRESSIVE;
				CLANG_WARN_UNREACHABLE_CODE = YES;
				CLANG_WARN__DUPLICATE_METHOD_MATCH = YES;
				COPY_PHASE_STRIP = NO;
				DEBUG_INFORMATION_FORMAT = dwarf;
				ENABLE_STRICT_OBJC_MSGSEND = YES;
				ENABLE_TESTABILITY = YES;
				GCC_C_LANGUAGE_STANDARD = gnu11;
				GCC_DYNAMIC_NO_PIC = NO;
				GCC_NO_COMMON_BLOCKS = YES;
				GCC_OPTIMIZATION_LEVEL = 0;
				GCC_PREPROCESSOR_DEFINITIONS = (
					"DEBUG=1",
					"$(inherited)",
				);
				GCC_WARN_64_TO_32_BIT_CONVERSION = YES;
				GCC_WARN_ABOUT_RETURN_TYPE = YES_ERROR;
				GCC_WARN_UNDECLARED_SELECTOR = YES;
				GCC_WARN_UNINITIALIZED_AUTOS = YES_AGGRESSIVE;
				GCC_WARN_UNUSED_FUNCTION = YES;
				GCC_WARN_UNUSED_VARIABLE = YES;
				IPHONEOS_DEPLOYMENT_TARGET = 16.1;
				MTL_ENABLE_DEBUG_INFO = INCLUDE_SOURCE;
				MTL_FAST_MATH = YES;
				ONLY_ACTIVE_ARCH = YES;
				SDKROOT = iphoneos;
				SWIFT_ACTIVE_COMPILATION_CONDITIONS = DEBUG;
				SWIFT_OPTIMIZATION_LEVEL = "-Onone";
			};
			name = Debug;
		};
		1482A7742930E2CE00ED283D /* Release */ = {
			isa = XCBuildConfiguration;
			buildSettings = {
				ALWAYS_SEARCH_USER_PATHS = NO;
				CLANG_ANALYZER_NONNULL = YES;
				CLANG_ANALYZER_NUMBER_OBJECT_CONVERSION = YES_AGGRESSIVE;
				CLANG_CXX_LANGUAGE_STANDARD = "gnu++20";
				CLANG_ENABLE_MODULES = YES;
				CLANG_ENABLE_OBJC_ARC = YES;
				CLANG_ENABLE_OBJC_WEAK = YES;
				CLANG_WARN_BLOCK_CAPTURE_AUTORELEASING = YES;
				CLANG_WARN_BOOL_CONVERSION = YES;
				CLANG_WARN_COMMA = YES;
				CLANG_WARN_CONSTANT_CONVERSION = YES;
				CLANG_WARN_DEPRECATED_OBJC_IMPLEMENTATIONS = YES;
				CLANG_WARN_DIRECT_OBJC_ISA_USAGE = YES_ERROR;
				CLANG_WARN_DOCUMENTATION_COMMENTS = YES;
				CLANG_WARN_EMPTY_BODY = YES;
				CLANG_WARN_ENUM_CONVERSION = YES;
				CLANG_WARN_INFINITE_RECURSION = YES;
				CLANG_WARN_INT_CONVERSION = YES;
				CLANG_WARN_NON_LITERAL_NULL_CONVERSION = YES;
				CLANG_WARN_OBJC_IMPLICIT_RETAIN_SELF = YES;
				CLANG_WARN_OBJC_LITERAL_CONVERSION = YES;
				CLANG_WARN_OBJC_ROOT_CLASS = YES_ERROR;
				CLANG_WARN_QUOTED_INCLUDE_IN_FRAMEWORK_HEADER = YES;
				CLANG_WARN_RANGE_LOOP_ANALYSIS = YES;
				CLANG_WARN_STRICT_PROTOTYPES = YES;
				CLANG_WARN_SUSPICIOUS_MOVE = YES;
				CLANG_WARN_UNGUARDED_AVAILABILITY = YES_AGGRESSIVE;
				CLANG_WARN_UNREACHABLE_CODE = YES;
				CLANG_WARN__DUPLICATE_METHOD_MATCH = YES;
				COPY_PHASE_STRIP = NO;
				DEBUG_INFORMATION_FORMAT = "dwarf-with-dsym";
				ENABLE_NS_ASSERTIONS = NO;
				ENABLE_STRICT_OBJC_MSGSEND = YES;
				GCC_C_LANGUAGE_STANDARD = gnu11;
				GCC_NO_COMMON_BLOCKS = YES;
				GCC_WARN_64_TO_32_BIT_CONVERSION = YES;
				GCC_WARN_ABOUT_RETURN_TYPE = YES_ERROR;
				GCC_WARN_UNDECLARED_SELECTOR = YES;
				GCC_WARN_UNINITIALIZED_AUTOS = YES_AGGRESSIVE;
				GCC_WARN_UNUSED_FUNCTION = YES;
				GCC_WARN_UNUSED_VARIABLE = YES;
				IPHONEOS_DEPLOYMENT_TARGET = 16.1;
				MTL_ENABLE_DEBUG_INFO = NO;
				MTL_FAST_MATH = YES;
				SDKROOT = iphoneos;
				SWIFT_COMPILATION_MODE = wholemodule;
				SWIFT_OPTIMIZATION_LEVEL = "-O";
				VALIDATE_PRODUCT = YES;
			};
			name = Release;
		};
		1482A7762930E2CE00ED283D /* Debug */ = {
			isa = XCBuildConfiguration;
			buildSettings = {
				ASSETCATALOG_COMPILER_APPICON_NAME = AppIcon;
				ASSETCATALOG_COMPILER_GLOBAL_ACCENT_COLOR_NAME = AccentColor;
				CODE_SIGN_STYLE = Automatic;
				CURRENT_PROJECT_VERSION = 1;
				DEVELOPMENT_TEAM = 7P3G4Y9CSP;
				GENERATE_INFOPLIST_FILE = YES;
				INFOPLIST_FILE = Cashome/Info.plist;
				INFOPLIST_KEY_UIApplicationSupportsIndirectInputEvents = YES;
				INFOPLIST_KEY_UILaunchStoryboardName = LaunchScreen;
				INFOPLIST_KEY_UISupportedInterfaceOrientations_iPad = "UIInterfaceOrientationPortrait UIInterfaceOrientationPortraitUpsideDown UIInterfaceOrientationLandscapeLeft UIInterfaceOrientationLandscapeRight";
				INFOPLIST_KEY_UISupportedInterfaceOrientations_iPhone = "UIInterfaceOrientationPortrait UIInterfaceOrientationLandscapeLeft UIInterfaceOrientationLandscapeRight";
				LD_RUNPATH_SEARCH_PATHS = (
					"$(inherited)",
					"@executable_path/Frameworks",
				);
				MARKETING_VERSION = 1.0;
				PRODUCT_BUNDLE_IDENTIFIER = "Marcelo-de-Arau-jo.Cashome";
				PRODUCT_NAME = "$(TARGET_NAME)";
				SWIFT_EMIT_LOC_STRINGS = YES;
				SWIFT_VERSION = 5.0;
				TARGETED_DEVICE_FAMILY = "1,2";
			};
			name = Debug;
		};
		1482A7772930E2CE00ED283D /* Release */ = {
			isa = XCBuildConfiguration;
			buildSettings = {
				ASSETCATALOG_COMPILER_APPICON_NAME = AppIcon;
				ASSETCATALOG_COMPILER_GLOBAL_ACCENT_COLOR_NAME = AccentColor;
				CODE_SIGN_STYLE = Automatic;
				CURRENT_PROJECT_VERSION = 1;
				DEVELOPMENT_TEAM = 7P3G4Y9CSP;
				GENERATE_INFOPLIST_FILE = YES;
				INFOPLIST_FILE = Cashome/Info.plist;
				INFOPLIST_KEY_UIApplicationSupportsIndirectInputEvents = YES;
				INFOPLIST_KEY_UILaunchStoryboardName = LaunchScreen;
				INFOPLIST_KEY_UISupportedInterfaceOrientations_iPad = "UIInterfaceOrientationPortrait UIInterfaceOrientationPortraitUpsideDown UIInterfaceOrientationLandscapeLeft UIInterfaceOrientationLandscapeRight";
				INFOPLIST_KEY_UISupportedInterfaceOrientations_iPhone = "UIInterfaceOrientationPortrait UIInterfaceOrientationLandscapeLeft UIInterfaceOrientationLandscapeRight";
				LD_RUNPATH_SEARCH_PATHS = (
					"$(inherited)",
					"@executable_path/Frameworks",
				);
				MARKETING_VERSION = 1.0;
				PRODUCT_BUNDLE_IDENTIFIER = "Marcelo-de-Arau-jo.Cashome";
				PRODUCT_NAME = "$(TARGET_NAME)";
				SWIFT_EMIT_LOC_STRINGS = YES;
				SWIFT_VERSION = 5.0;
				TARGETED_DEVICE_FAMILY = "1,2";
			};
			name = Release;
		};
		1482A7792930E2CE00ED283D /* Debug */ = {
			isa = XCBuildConfiguration;
			buildSettings = {
				ALWAYS_EMBED_SWIFT_STANDARD_LIBRARIES = YES;
				BUNDLE_LOADER = "$(TEST_HOST)";
				CODE_SIGN_STYLE = Automatic;
				CURRENT_PROJECT_VERSION = 1;
				DEVELOPMENT_TEAM = 7P3G4Y9CSP;
				GENERATE_INFOPLIST_FILE = YES;
				IPHONEOS_DEPLOYMENT_TARGET = 16.1;
				MARKETING_VERSION = 1.0;
				PRODUCT_BUNDLE_IDENTIFIER = "Marcelo-de-Arau-jo.CashomeTests";
				PRODUCT_NAME = "$(TARGET_NAME)";
				SWIFT_EMIT_LOC_STRINGS = NO;
				SWIFT_VERSION = 5.0;
				TARGETED_DEVICE_FAMILY = "1,2";
				TEST_HOST = "$(BUILT_PRODUCTS_DIR)/Cashome.app/$(BUNDLE_EXECUTABLE_FOLDER_PATH)/Cashome";
			};
			name = Debug;
		};
		1482A77A2930E2CE00ED283D /* Release */ = {
			isa = XCBuildConfiguration;
			buildSettings = {
				ALWAYS_EMBED_SWIFT_STANDARD_LIBRARIES = YES;
				BUNDLE_LOADER = "$(TEST_HOST)";
				CODE_SIGN_STYLE = Automatic;
				CURRENT_PROJECT_VERSION = 1;
				DEVELOPMENT_TEAM = 7P3G4Y9CSP;
				GENERATE_INFOPLIST_FILE = YES;
				IPHONEOS_DEPLOYMENT_TARGET = 16.1;
				MARKETING_VERSION = 1.0;
				PRODUCT_BUNDLE_IDENTIFIER = "Marcelo-de-Arau-jo.CashomeTests";
				PRODUCT_NAME = "$(TARGET_NAME)";
				SWIFT_EMIT_LOC_STRINGS = NO;
				SWIFT_VERSION = 5.0;
				TARGETED_DEVICE_FAMILY = "1,2";
				TEST_HOST = "$(BUILT_PRODUCTS_DIR)/Cashome.app/$(BUNDLE_EXECUTABLE_FOLDER_PATH)/Cashome";
			};
			name = Release;
		};
		1482A77C2930E2CE00ED283D /* Debug */ = {
			isa = XCBuildConfiguration;
			buildSettings = {
				ALWAYS_EMBED_SWIFT_STANDARD_LIBRARIES = YES;
				CODE_SIGN_STYLE = Automatic;
				CURRENT_PROJECT_VERSION = 1;
				DEVELOPMENT_TEAM = 7P3G4Y9CSP;
				GENERATE_INFOPLIST_FILE = YES;
				MARKETING_VERSION = 1.0;
				PRODUCT_BUNDLE_IDENTIFIER = "Marcelo-de-Arau-jo.CashomeUITests";
				PRODUCT_NAME = "$(TARGET_NAME)";
				SWIFT_EMIT_LOC_STRINGS = NO;
				SWIFT_VERSION = 5.0;
				TARGETED_DEVICE_FAMILY = "1,2";
				TEST_TARGET_NAME = Cashome;
			};
			name = Debug;
		};
		1482A77D2930E2CE00ED283D /* Release */ = {
			isa = XCBuildConfiguration;
			buildSettings = {
				ALWAYS_EMBED_SWIFT_STANDARD_LIBRARIES = YES;
				CODE_SIGN_STYLE = Automatic;
				CURRENT_PROJECT_VERSION = 1;
				DEVELOPMENT_TEAM = 7P3G4Y9CSP;
				GENERATE_INFOPLIST_FILE = YES;
				MARKETING_VERSION = 1.0;
				PRODUCT_BUNDLE_IDENTIFIER = "Marcelo-de-Arau-jo.CashomeUITests";
				PRODUCT_NAME = "$(TARGET_NAME)";
				SWIFT_EMIT_LOC_STRINGS = NO;
				SWIFT_VERSION = 5.0;
				TARGETED_DEVICE_FAMILY = "1,2";
				TEST_TARGET_NAME = Cashome;
			};
			name = Release;
		};
/* End XCBuildConfiguration section */

/* Begin XCConfigurationList section */
		1482A7432930E2CD00ED283D /* Build configuration list for PBXProject "Cashome" */ = {
			isa = XCConfigurationList;
			buildConfigurations = (
				1482A7732930E2CE00ED283D /* Debug */,
				1482A7742930E2CE00ED283D /* Release */,
			);
			defaultConfigurationIsVisible = 0;
			defaultConfigurationName = Release;
		};
		1482A7752930E2CE00ED283D /* Build configuration list for PBXNativeTarget "Cashome" */ = {
			isa = XCConfigurationList;
			buildConfigurations = (
				1482A7762930E2CE00ED283D /* Debug */,
				1482A7772930E2CE00ED283D /* Release */,
			);
			defaultConfigurationIsVisible = 0;
			defaultConfigurationName = Release;
		};
		1482A7782930E2CE00ED283D /* Build configuration list for PBXNativeTarget "CashomeTests" */ = {
			isa = XCConfigurationList;
			buildConfigurations = (
				1482A7792930E2CE00ED283D /* Debug */,
				1482A77A2930E2CE00ED283D /* Release */,
			);
			defaultConfigurationIsVisible = 0;
			defaultConfigurationName = Release;
		};
		1482A77B2930E2CE00ED283D /* Build configuration list for PBXNativeTarget "CashomeUITests" */ = {
			isa = XCConfigurationList;
			buildConfigurations = (
				1482A77C2930E2CE00ED283D /* Debug */,
				1482A77D2930E2CE00ED283D /* Release */,
			);
			defaultConfigurationIsVisible = 0;
			defaultConfigurationName = Release;
		};
/* End XCConfigurationList section */

/* Begin XCVersionGroup section */
		1482A7542930E2CD00ED283D /* Cashome.xcdatamodeld */ = {
			isa = XCVersionGroup;
			children = (
				1482A7552930E2CD00ED283D /* Cashome.xcdatamodel */,
			);
			currentVersion = 1482A7552930E2CD00ED283D /* Cashome.xcdatamodel */;
			path = Cashome.xcdatamodeld;
			sourceTree = "<group>";
			versionGroupType = wrapper.xcdatamodel;
		};
/* End XCVersionGroup section */
	};
	rootObject = 1482A7402930E2CD00ED283D /* Project object */;
}
